{
  "version": 4,
  "terraform_version": "1.8.2",
  "serial": 45,
  "lineage": "f382c14f-2add-e21f-81f9-2122a6e9aa6d",
  "outputs": {
    "ECR_Repository": {
      "value": "268120344536.dkr.ecr.us-east-1.amazonaws.com/xcoin-registry",
      "type": "string"
    },
    "EIP": {
      "value": "18.214.56.113",
      "type": "string"
    },
    "ec2_public_ip": {
      "value": "18.214.56.113",
      "type": "string"
    },
    "sqs": {
      "value": {
        "queue_url": "https://sqs.us-east-1.amazonaws.com/268120344536/crypto_sqs.fifo"
      },
      "type": [
        "object",
        {
          "queue_url": "string"
        }
      ]
    }
  },
  "resources": [
    {
      "module": "module.ec2_db",
      "mode": "data",
      "type": "aws_key_pair",
      "name": "github_runner_key",
      "provider": "provider[\"registry.terraform.io/hashicorp/aws\"]",
      "instances": [
        {
          "schema_version": 0,
          "attributes": {
            "arn": "arn:aws:ec2:us-east-1:268120344536:key-pair/xcoin-secret",
            "create_time": "2024-06-20T18:33:09Z",
            "filter": null,
            "fingerprint": "80:56:e7:c3:a7:2a:bf:3f:32:8c:95:00:a4:28:66:ba:44:07:c6:1f",
            "id": "key-05098e722d4c6b552",
            "include_public_key": false,
            "key_name": "xcoin-secret",
            "key_pair_id": "key-05098e722d4c6b552",
            "key_type": "rsa",
            "public_key": "",
            "tags": {},
            "timeouts": null
          },
          "sensitive_attributes": []
        }
      ]
    },
    {
      "module": "module.ec2_db",
      "mode": "data",
      "type": "aws_key_pair",
      "name": "xcoin_mongodb_key",
      "provider": "provider[\"registry.terraform.io/hashicorp/aws\"]",
      "instances": [
        {
          "schema_version": 0,
          "attributes": {
            "arn": "arn:aws:ec2:us-east-1:268120344536:key-pair/xcoin-secret",
            "create_time": "2024-06-20T18:33:09Z",
            "filter": null,
            "fingerprint": "80:56:e7:c3:a7:2a:bf:3f:32:8c:95:00:a4:28:66:ba:44:07:c6:1f",
            "id": "key-05098e722d4c6b552",
            "include_public_key": false,
            "key_name": "xcoin-secret",
            "key_pair_id": "key-05098e722d4c6b552",
            "key_type": "rsa",
            "public_key": "",
            "tags": {},
            "timeouts": null
          },
          "sensitive_attributes": []
        }
      ]
    },
    {
      "module": "module.ec2_db",
      "mode": "managed",
      "type": "aws_eip",
      "name": "githubrunner_eip",
      "provider": "provider[\"registry.terraform.io/hashicorp/aws\"]",
      "instances": [
        {
          "schema_version": 0,
          "attributes": {
            "address": null,
            "allocation_id": "eipalloc-037b8a4c4e0c95973",
            "arn": "arn:aws:ec2:us-east-1:268120344536:elastic-ip/eipalloc-037b8a4c4e0c95973",
            "associate_with_private_ip": null,
            "association_id": "eipassoc-059e5ba230670185e",
            "carrier_ip": "",
            "customer_owned_ip": "",
            "customer_owned_ipv4_pool": "",
            "domain": "vpc",
            "id": "eipalloc-037b8a4c4e0c95973",
            "instance": "i-0333c78e64c8491e3",
            "network_border_group": "us-east-1",
            "network_interface": "eni-06d5740142b8a639c",
            "private_dns": "ip-172-31-22-62.ec2.internal",
            "private_ip": "172.31.22.62",
            "ptr_record": "",
            "public_dns": "ec2-44-218-248-175.compute-1.amazonaws.com",
            "public_ip": "44.218.248.175",
            "public_ipv4_pool": "amazon",
            "tags": {},
            "tags_all": {
              "IAC": "Terraform",
              "IAC_Version": "v1.8.2",
              "cloud": "AWS",
              "devops": "Gonzalo Santiago Da Costa",
              "env": "Producción",
              "info_app": "cryptoCoin",
              "owner": "ClosedAI",
              "region": "us-east-1"
            },
            "timeouts": null,
            "vpc": true
          },
          "sensitive_attributes": [],
          "private": "eyJlMmJmYjczMC1lY2FhLTExZTYtOGY4OC0zNDM2M2JjN2M0YzAiOnsiZGVsZXRlIjoxODAwMDAwMDAwMDAsInJlYWQiOjkwMDAwMDAwMDAwMCwidXBkYXRlIjozMDAwMDAwMDAwMDB9fQ==",
          "dependencies": [
            "module.ec2_db.aws_instance.github_runner",
            "module.ec2_db.data.aws_key_pair.github_runner_key"
          ]
        }
      ]
    },
    {
      "module": "module.ec2_db",
      "mode": "managed",
      "type": "aws_eip",
      "name": "githubrunner_febe_eip",
      "provider": "provider[\"registry.terraform.io/hashicorp/aws\"]",
      "instances": [
        {
          "schema_version": 0,
          "attributes": {
            "address": null,
            "allocation_id": "eipalloc-029a51cd05a0561a9",
            "arn": "arn:aws:ec2:us-east-1:268120344536:elastic-ip/eipalloc-029a51cd05a0561a9",
            "associate_with_private_ip": null,
            "association_id": "eipassoc-0bc27cfd362adda27",
            "carrier_ip": "",
            "customer_owned_ip": "",
            "customer_owned_ipv4_pool": "",
            "domain": "vpc",
            "id": "eipalloc-029a51cd05a0561a9",
            "instance": "i-06b92a9430e9c27ce",
            "network_border_group": "us-east-1",
            "network_interface": "eni-07567561df673de5e",
            "private_dns": "ip-172-31-25-69.ec2.internal",
            "private_ip": "172.31.25.69",
            "ptr_record": "",
            "public_dns": "ec2-107-22-222-188.compute-1.amazonaws.com",
            "public_ip": "107.22.222.188",
            "public_ipv4_pool": "amazon",
            "tags": {},
            "tags_all": {
              "IAC": "Terraform",
              "IAC_Version": "v1.8.2",
              "cloud": "AWS",
              "devops": "Gonzalo Santiago Da Costa",
              "env": "Producción",
              "info_app": "cryptoCoin",
              "owner": "ClosedAI",
              "region": "us-east-1"
            },
            "timeouts": null,
            "vpc": true
          },
          "sensitive_attributes": [],
          "private": "eyJlMmJmYjczMC1lY2FhLTExZTYtOGY4OC0zNDM2M2JjN2M0YzAiOnsiZGVsZXRlIjoxODAwMDAwMDAwMDAsInJlYWQiOjkwMDAwMDAwMDAwMCwidXBkYXRlIjozMDAwMDAwMDAwMDB9fQ==",
          "dependencies": [
            "module.ec2_db.aws_instance.github_runner_febe",
            "module.ec2_db.data.aws_key_pair.github_runner_key"
          ]
        }
      ]
    },
    {
      "module": "module.ec2_db",
      "mode": "managed",
      "type": "aws_eip",
      "name": "mongodb_eip",
      "provider": "provider[\"registry.terraform.io/hashicorp/aws\"]",
      "instances": [
        {
          "schema_version": 0,
          "attributes": {
            "address": null,
            "allocation_id": "eipalloc-0af7b0d2960b233e6",
            "arn": "arn:aws:ec2:us-east-1:268120344536:elastic-ip/eipalloc-0af7b0d2960b233e6",
            "associate_with_private_ip": null,
            "association_id": "eipassoc-0c34c2c098a86812f",
            "carrier_ip": "",
            "customer_owned_ip": "",
            "customer_owned_ipv4_pool": "",
            "domain": "vpc",
            "id": "eipalloc-0af7b0d2960b233e6",
            "instance": "i-0945dcf9cd19906f2",
            "network_border_group": "us-east-1",
            "network_interface": "eni-0b5646208f6137a80",
            "private_dns": "ip-172-31-27-159.ec2.internal",
            "private_ip": "172.31.27.159",
            "ptr_record": "",
            "public_dns": "ec2-18-214-56-113.compute-1.amazonaws.com",
            "public_ip": "18.214.56.113",
            "public_ipv4_pool": "amazon",
            "tags": {},
            "tags_all": {
              "IAC": "Terraform",
              "IAC_Version": "v1.8.2",
              "cloud": "AWS",
              "devops": "Gonzalo Santiago Da Costa",
              "env": "Producción",
              "info_app": "cryptoCoin",
              "owner": "ClosedAI",
              "region": "us-east-1"
            },
            "timeouts": null,
            "vpc": true
          },
          "sensitive_attributes": [],
          "private": "eyJlMmJmYjczMC1lY2FhLTExZTYtOGY4OC0zNDM2M2JjN2M0YzAiOnsiZGVsZXRlIjoxODAwMDAwMDAwMDAsInJlYWQiOjkwMDAwMDAwMDAwMCwidXBkYXRlIjozMDAwMDAwMDAwMDB9fQ==",
          "dependencies": [
            "module.ec2_db.aws_instance.xcoin",
            "module.ec2_db.data.aws_key_pair.xcoin_mongodb_key"
          ]
        }
      ]
    },
    {
      "module": "module.ec2_db",
      "mode": "managed",
      "type": "aws_instance",
      "name": "github_runner",
      "provider": "provider[\"registry.terraform.io/hashicorp/aws\"]",
      "instances": [
        {
          "schema_version": 1,
          "attributes": {
            "ami": "ami-04b70fa74e45c3917",
            "arn": "arn:aws:ec2:us-east-1:268120344536:instance/i-0333c78e64c8491e3",
            "associate_public_ip_address": true,
            "availability_zone": "us-east-1a",
            "capacity_reservation_specification": [
              {
                "capacity_reservation_preference": "open",
                "capacity_reservation_target": []
              }
            ],
            "cpu_core_count": 1,
            "cpu_options": [
              {
                "amd_sev_snp": "",
                "core_count": 1,
                "threads_per_core": 1
              }
            ],
            "cpu_threads_per_core": 1,
            "credit_specification": [
              {
                "cpu_credits": "standard"
              }
            ],
            "disable_api_stop": false,
            "disable_api_termination": false,
            "ebs_block_device": [],
            "ebs_optimized": false,
            "enclave_options": [
              {
                "enabled": false
              }
            ],
            "ephemeral_block_device": [],
            "get_password_data": false,
            "hibernation": false,
            "host_id": "",
            "host_resource_group_arn": null,
            "iam_instance_profile": "",
            "id": "i-0333c78e64c8491e3",
            "instance_initiated_shutdown_behavior": "stop",
            "instance_lifecycle": "",
            "instance_market_options": [],
            "instance_state": "running",
            "instance_type": "t2.micro",
            "ipv6_address_count": 0,
            "ipv6_addresses": [],
            "key_name": "xcoin-secret",
            "launch_template": [],
            "maintenance_options": [
              {
                "auto_recovery": "default"
              }
            ],
            "metadata_options": [
              {
                "http_endpoint": "enabled",
                "http_protocol_ipv6": "disabled",
                "http_put_response_hop_limit": 2,
                "http_tokens": "required",
                "instance_metadata_tags": "disabled"
              }
            ],
            "monitoring": false,
            "network_interface": [],
            "outpost_arn": "",
            "password_data": "",
            "placement_group": "",
            "placement_partition_number": 0,
            "primary_network_interface_id": "eni-06d5740142b8a639c",
            "private_dns": "ip-172-31-22-62.ec2.internal",
            "private_dns_name_options": [
              {
                "enable_resource_name_dns_a_record": false,
                "enable_resource_name_dns_aaaa_record": false,
                "hostname_type": "ip-name"
              }
            ],
            "private_ip": "172.31.22.62",
            "public_dns": "ec2-44-218-248-175.compute-1.amazonaws.com",
            "public_ip": "44.218.248.175",
            "root_block_device": [
              {
                "delete_on_termination": true,
                "device_name": "/dev/sda1",
                "encrypted": false,
                "iops": 3000,
                "kms_key_id": "",
                "tags": {},
                "tags_all": {
                  "IAC": "Terraform",
                  "IAC_Version": "v1.8.2",
                  "cloud": "AWS",
                  "devops": "Gonzalo Santiago Da Costa",
                  "env": "Producción",
                  "info_app": "cryptoCoin",
                  "owner": "ClosedAI",
                  "region": "us-east-1"
                },
                "throughput": 125,
                "volume_id": "vol-01864aade433420bb",
                "volume_size": 8,
                "volume_type": "gp3"
              }
            ],
            "secondary_private_ips": [],
            "security_groups": [
              "launch-wizard"
            ],
            "source_dest_check": true,
            "spot_instance_request_id": "",
            "subnet_id": "subnet-0f021f052c2eb5708",
            "tags": {
              "Name": "XCoin_GithubRunner_IaC"
            },
            "tags_all": {
              "IAC": "Terraform",
              "IAC_Version": "v1.8.2",
              "Name": "XCoin_GithubRunner_IaC",
              "cloud": "AWS",
              "devops": "Gonzalo Santiago Da Costa",
              "env": "Producción",
              "info_app": "cryptoCoin",
              "owner": "ClosedAI",
              "region": "us-east-1"
            },
            "tenancy": "default",
            "timeouts": null,
            "user_data": null,
            "user_data_base64": null,
            "user_data_replace_on_change": false,
            "volume_tags": null,
            "vpc_security_group_ids": [
              "sg-03ab2f96caa5f8ddd"
            ]
          },
          "sensitive_attributes": [],
          "private": "eyJlMmJmYjczMC1lY2FhLTExZTYtOGY4OC0zNDM2M2JjN2M0YzAiOnsiY3JlYXRlIjo2MDAwMDAwMDAwMDAsImRlbGV0ZSI6MTIwMDAwMDAwMDAwMCwicmVhZCI6OTAwMDAwMDAwMDAwLCJ1cGRhdGUiOjYwMDAwMDAwMDAwMH0sInNjaGVtYV92ZXJzaW9uIjoiMSJ9",
          "dependencies": [
            "module.ec2_db.data.aws_key_pair.github_runner_key"
          ]
        }
      ]
    },
    {
      "module": "module.ec2_db",
      "mode": "managed",
      "type": "aws_instance",
      "name": "github_runner_febe",
      "provider": "provider[\"registry.terraform.io/hashicorp/aws\"]",
      "instances": [
        {
          "schema_version": 1,
          "attributes": {
            "ami": "ami-04b70fa74e45c3917",
            "arn": "arn:aws:ec2:us-east-1:268120344536:instance/i-06b92a9430e9c27ce",
            "associate_public_ip_address": true,
            "availability_zone": "us-east-1a",
            "capacity_reservation_specification": [
              {
                "capacity_reservation_preference": "open",
                "capacity_reservation_target": []
              }
            ],
            "cpu_core_count": 2,
            "cpu_options": [
              {
                "amd_sev_snp": "",
                "core_count": 2,
                "threads_per_core": 1
              }
            ],
            "cpu_threads_per_core": 1,
            "credit_specification": [
              {
                "cpu_credits": "standard"
              }
            ],
            "disable_api_stop": false,
            "disable_api_termination": false,
            "ebs_block_device": [],
            "ebs_optimized": false,
            "enclave_options": [
              {
                "enabled": false
              }
            ],
            "ephemeral_block_device": [],
            "get_password_data": false,
            "hibernation": false,
            "host_id": "",
            "host_resource_group_arn": null,
            "iam_instance_profile": "",
            "id": "i-06b92a9430e9c27ce",
            "instance_initiated_shutdown_behavior": "stop",
            "instance_lifecycle": "",
            "instance_market_options": [],
            "instance_state": "running",
            "instance_type": "t2.medium",
            "ipv6_address_count": 0,
            "ipv6_addresses": [],
            "key_name": "xcoin-secret",
            "launch_template": [],
            "maintenance_options": [
              {
                "auto_recovery": "default"
              }
            ],
            "metadata_options": [
              {
                "http_endpoint": "enabled",
                "http_protocol_ipv6": "disabled",
                "http_put_response_hop_limit": 2,
                "http_tokens": "required",
                "instance_metadata_tags": "disabled"
              }
            ],
            "monitoring": false,
            "network_interface": [],
            "outpost_arn": "",
            "password_data": "",
            "placement_group": "",
            "placement_partition_number": 0,
            "primary_network_interface_id": "eni-07567561df673de5e",
            "private_dns": "ip-172-31-25-69.ec2.internal",
            "private_dns_name_options": [
              {
                "enable_resource_name_dns_a_record": false,
                "enable_resource_name_dns_aaaa_record": false,
                "hostname_type": "ip-name"
              }
            ],
            "private_ip": "172.31.25.69",
            "public_dns": "ec2-107-22-222-188.compute-1.amazonaws.com",
            "public_ip": "107.22.222.188",
            "root_block_device": [
              {
                "delete_on_termination": true,
                "device_name": "/dev/sda1",
                "encrypted": false,
                "iops": 150,
                "kms_key_id": "",
                "tags": {},
                "tags_all": {
                  "IAC": "Terraform",
                  "IAC_Version": "v1.8.2",
                  "cloud": "AWS",
                  "devops": "Gonzalo Santiago Da Costa",
                  "env": "Producción",
                  "info_app": "cryptoCoin",
                  "owner": "ClosedAI",
                  "region": "us-east-1"
                },
                "throughput": 0,
                "volume_id": "vol-079206c995678cf9a",
                "volume_size": 50,
                "volume_type": "gp2"
              }
            ],
            "secondary_private_ips": [],
            "security_groups": [
              "launch-wizard"
            ],
            "source_dest_check": true,
            "spot_instance_request_id": "",
            "subnet_id": "subnet-0f021f052c2eb5708",
            "tags": {
              "Name": "XCoin_GithubRunner_febe",
              "demo": "demo xcoin"
            },
            "tags_all": {
              "IAC": "Terraform",
              "IAC_Version": "v1.8.2",
              "Name": "XCoin_GithubRunner_febe",
              "cloud": "AWS",
              "demo": "demo xcoin",
              "devops": "Gonzalo Santiago Da Costa",
              "env": "Producción",
              "info_app": "cryptoCoin",
              "owner": "ClosedAI",
              "region": "us-east-1"
            },
            "tenancy": "default",
            "timeouts": null,
            "user_data": null,
            "user_data_base64": null,
            "user_data_replace_on_change": false,
            "volume_tags": null,
            "vpc_security_group_ids": [
              "sg-03ab2f96caa5f8ddd"
            ]
          },
          "sensitive_attributes": [],
          "private": "eyJlMmJmYjczMC1lY2FhLTExZTYtOGY4OC0zNDM2M2JjN2M0YzAiOnsiY3JlYXRlIjo2MDAwMDAwMDAwMDAsImRlbGV0ZSI6MTIwMDAwMDAwMDAwMCwicmVhZCI6OTAwMDAwMDAwMDAwLCJ1cGRhdGUiOjYwMDAwMDAwMDAwMH0sInNjaGVtYV92ZXJzaW9uIjoiMSJ9",
          "dependencies": [
            "module.ec2_db.data.aws_key_pair.github_runner_key"
          ]
        }
      ]
    },
    {
      "module": "module.ec2_db",
      "mode": "managed",
      "type": "aws_instance",
      "name": "xcoin",
      "provider": "provider[\"registry.terraform.io/hashicorp/aws\"]",
      "instances": [
        {
          "schema_version": 1,
          "attributes": {
            "ami": "ami-04b70fa74e45c3917",
            "arn": "arn:aws:ec2:us-east-1:268120344536:instance/i-0945dcf9cd19906f2",
            "associate_public_ip_address": true,
            "availability_zone": "us-east-1a",
            "capacity_reservation_specification": [
              {
                "capacity_reservation_preference": "open",
                "capacity_reservation_target": []
              }
            ],
            "cpu_core_count": 1,
            "cpu_options": [
              {
                "amd_sev_snp": "",
                "core_count": 1,
                "threads_per_core": 1
              }
            ],
            "cpu_threads_per_core": 1,
            "credit_specification": [
              {
                "cpu_credits": "standard"
              }
            ],
            "disable_api_stop": false,
            "disable_api_termination": false,
            "ebs_block_device": [],
            "ebs_optimized": false,
            "enclave_options": [
              {
                "enabled": false
              }
            ],
            "ephemeral_block_device": [],
            "get_password_data": false,
            "hibernation": false,
            "host_id": "",
            "host_resource_group_arn": null,
            "iam_instance_profile": "",
            "id": "i-0945dcf9cd19906f2",
            "instance_initiated_shutdown_behavior": "stop",
            "instance_lifecycle": "",
            "instance_market_options": [],
            "instance_state": "running",
            "instance_type": "t2.micro",
            "ipv6_address_count": 0,
            "ipv6_addresses": [],
            "key_name": "xcoin-secret",
            "launch_template": [],
            "maintenance_options": [
              {
                "auto_recovery": "default"
              }
            ],
            "metadata_options": [
              {
                "http_endpoint": "enabled",
                "http_protocol_ipv6": "disabled",
                "http_put_response_hop_limit": 2,
                "http_tokens": "required",
                "instance_metadata_tags": "disabled"
              }
            ],
            "monitoring": false,
            "network_interface": [],
            "outpost_arn": "",
            "password_data": "",
            "placement_group": "",
            "placement_partition_number": 0,
            "primary_network_interface_id": "eni-0b5646208f6137a80",
            "private_dns": "ip-172-31-27-159.ec2.internal",
            "private_dns_name_options": [
              {
                "enable_resource_name_dns_a_record": false,
                "enable_resource_name_dns_aaaa_record": false,
                "hostname_type": "ip-name"
              }
            ],
            "private_ip": "172.31.27.159",
            "public_dns": "ec2-18-214-56-113.compute-1.amazonaws.com",
            "public_ip": "18.214.56.113",
            "root_block_device": [
              {
                "delete_on_termination": true,
                "device_name": "/dev/sda1",
                "encrypted": false,
                "iops": 3000,
                "kms_key_id": "",
                "tags": {},
                "tags_all": {
                  "IAC": "Terraform",
                  "IAC_Version": "v1.8.2",
                  "cloud": "AWS",
                  "devops": "Gonzalo Santiago Da Costa",
                  "env": "Producción",
                  "info_app": "cryptoCoin",
                  "owner": "ClosedAI",
                  "region": "us-east-1"
                },
                "throughput": 125,
                "volume_id": "vol-030a0851526799746",
                "volume_size": 8,
                "volume_type": "gp3"
              }
            ],
            "secondary_private_ips": [],
            "security_groups": [
              "launch-wizard"
            ],
            "source_dest_check": true,
            "spot_instance_request_id": "",
            "subnet_id": "subnet-0f021f052c2eb5708",
            "tags": {
              "Name": "XCoin_MongoDB"
            },
            "tags_all": {
              "IAC": "Terraform",
              "IAC_Version": "v1.8.2",
              "Name": "XCoin_MongoDB",
              "cloud": "AWS",
              "devops": "Gonzalo Santiago Da Costa",
              "env": "Producción",
              "info_app": "cryptoCoin",
              "owner": "ClosedAI",
              "region": "us-east-1"
            },
            "tenancy": "default",
            "timeouts": null,
            "user_data": null,
            "user_data_base64": null,
            "user_data_replace_on_change": false,
            "volume_tags": null,
            "vpc_security_group_ids": [
              "sg-03ab2f96caa5f8ddd"
            ]
          },
          "sensitive_attributes": [],
          "private": "eyJlMmJmYjczMC1lY2FhLTExZTYtOGY4OC0zNDM2M2JjN2M0YzAiOnsiY3JlYXRlIjo2MDAwMDAwMDAwMDAsImRlbGV0ZSI6MTIwMDAwMDAwMDAwMCwicmVhZCI6OTAwMDAwMDAwMDAwLCJ1cGRhdGUiOjYwMDAwMDAwMDAwMH0sInNjaGVtYV92ZXJzaW9uIjoiMSJ9",
          "dependencies": [
            "module.ec2_db.data.aws_key_pair.xcoin_mongodb_key"
          ]
        }
      ]
    },
    {
      "module": "module.ecr",
      "mode": "managed",
      "type": "aws_ecr_repository",
      "name": "registry",
      "provider": "provider[\"registry.terraform.io/hashicorp/aws\"]",
      "instances": [
        {
          "schema_version": 0,
          "attributes": {
            "arn": "arn:aws:ecr:us-east-1:268120344536:repository/xcoin-registry",
            "encryption_configuration": [
              {
                "encryption_type": "AES256",
                "kms_key": ""
              }
            ],
            "force_delete": null,
            "id": "xcoin-registry",
            "image_scanning_configuration": [
              {
                "scan_on_push": true
              }
            ],
            "image_tag_mutability": "MUTABLE",
            "name": "xcoin-registry",
            "registry_id": "268120344536",
            "repository_url": "268120344536.dkr.ecr.us-east-1.amazonaws.com/xcoin-registry",
            "tags": {},
            "tags_all": {
              "IAC": "Terraform",
              "IAC_Version": "v1.8.2",
              "cloud": "AWS",
              "devops": "Gonzalo Santiago Da Costa",
              "env": "Producción",
              "info_app": "cryptoCoin",
              "owner": "ClosedAI",
              "region": "us-east-1"
            },
            "timeouts": null
          },
          "sensitive_attributes": [],
          "private": "eyJlMmJmYjczMC1lY2FhLTExZTYtOGY4OC0zNDM2M2JjN2M0YzAiOnsiZGVsZXRlIjoxMjAwMDAwMDAwMDAwfX0="
        }
      ]
    },
    {
      "module": "module.s3-tfstate",
      "mode": "managed",
      "type": "aws_dynamodb_table",
      "name": "terraform_locks",
      "provider": "provider[\"registry.terraform.io/hashicorp/aws\"]",
      "instances": [
        {
          "schema_version": 1,
          "attributes": {
            "arn": "arn:aws:dynamodb:us-east-1:268120344536:table/terraform-state-locks",
            "attribute": [
              {
                "name": "LockID",
                "type": "S"
              }
            ],
            "billing_mode": "PAY_PER_REQUEST",
            "deletion_protection_enabled": false,
            "global_secondary_index": [],
            "hash_key": "LockID",
            "id": "terraform-state-locks",
            "import_table": [],
            "local_secondary_index": [],
            "name": "terraform-state-locks",
            "point_in_time_recovery": [
              {
                "enabled": false
              }
            ],
            "range_key": null,
            "read_capacity": 0,
            "replica": [],
            "restore_date_time": null,
            "restore_source_name": null,
            "restore_to_latest_time": null,
            "server_side_encryption": [],
            "stream_arn": "",
            "stream_enabled": false,
            "stream_label": "",
            "stream_view_type": "",
            "table_class": "STANDARD",
            "tags": {},
            "tags_all": {
              "IAC": "Terraform",
              "IAC_Version": "v1.8.2",
              "cloud": "AWS",
              "devops": "Gonzalo Santiago Da Costa",
              "env": "Producción",
              "info_app": "cryptoCoin",
              "owner": "ClosedAI",
              "region": "us-east-1"
            },
            "timeouts": null,
            "ttl": [
              {
                "attribute_name": "",
                "enabled": false
              }
            ],
            "write_capacity": 0
          },
          "sensitive_attributes": [],
          "private": "eyJlMmJmYjczMC1lY2FhLTExZTYtOGY4OC0zNDM2M2JjN2M0YzAiOnsiY3JlYXRlIjoxODAwMDAwMDAwMDAwLCJkZWxldGUiOjYwMDAwMDAwMDAwMCwidXBkYXRlIjozNjAwMDAwMDAwMDAwfSwic2NoZW1hX3ZlcnNpb24iOiIxIn0="
        }
      ]
    },
    {
      "module": "module.s3-tfstate",
      "mode": "managed",
      "type": "aws_s3_bucket",
      "name": "tfstate_bucket",
      "provider": "provider[\"registry.terraform.io/hashicorp/aws\"]",
      "instances": [
        {
          "schema_version": 0,
          "attributes": {
            "acceleration_status": "",
            "acl": null,
            "arn": "arn:aws:s3:::xcoin-closedai-tfstates-bucket2",
            "bucket": "xcoin-closedai-tfstates-bucket2",
            "bucket_domain_name": "xcoin-closedai-tfstates-bucket2.s3.amazonaws.com",
            "bucket_prefix": "",
            "bucket_regional_domain_name": "xcoin-closedai-tfstates-bucket2.s3.us-east-1.amazonaws.com",
            "cors_rule": [],
            "force_destroy": true,
            "grant": [
              {
                "id": "95cbf1009b141bb47d98d1b069ea7a202f4ddb6cbc041bdfac375914bae00d6c",
                "permissions": [
                  "FULL_CONTROL"
                ],
                "type": "CanonicalUser",
                "uri": ""
              }
            ],
            "hosted_zone_id": "Z3AQBSTGFYJSTF",
            "id": "xcoin-closedai-tfstates-bucket2",
            "lifecycle_rule": [],
            "logging": [],
            "object_lock_configuration": [],
            "object_lock_enabled": false,
            "policy": "",
            "region": "us-east-1",
            "replication_configuration": [],
            "request_payer": "BucketOwner",
            "server_side_encryption_configuration": [
              {
                "rule": [
                  {
                    "apply_server_side_encryption_by_default": [
                      {
                        "kms_master_key_id": "",
                        "sse_algorithm": "AES256"
                      }
                    ],
                    "bucket_key_enabled": false
                  }
                ]
              }
            ],
            "tags": {
              "Description": "Bucket con los archivos .tfstates"
            },
            "tags_all": {
              "Description": "Bucket con los archivos .tfstates",
              "IAC": "Terraform",
              "IAC_Version": "v1.8.2",
              "cloud": "AWS",
              "devops": "Gonzalo Santiago Da Costa",
              "env": "Producción",
              "info_app": "cryptoCoin",
              "owner": "ClosedAI",
              "region": "us-east-1"
            },
            "timeouts": null,
            "versioning": [
              {
                "enabled": true,
                "mfa_delete": false
              }
            ],
            "website": [],
            "website_domain": null,
            "website_endpoint": null
          },
          "sensitive_attributes": [],
          "private": "eyJlMmJmYjczMC1lY2FhLTExZTYtOGY4OC0zNDM2M2JjN2M0YzAiOnsiY3JlYXRlIjoxMjAwMDAwMDAwMDAwLCJkZWxldGUiOjM2MDAwMDAwMDAwMDAsInJlYWQiOjEyMDAwMDAwMDAwMDAsInVwZGF0ZSI6MTIwMDAwMDAwMDAwMH19"
        }
      ]
    },
    {
      "module": "module.s3-tfstate",
      "mode": "managed",
      "type": "aws_s3_bucket_server_side_encryption_configuration",
      "name": "tfstates_bucket_encryption",
      "provider": "provider[\"registry.terraform.io/hashicorp/aws\"]",
      "instances": [
        {
          "schema_version": 0,
          "attributes": {
            "bucket": "xcoin-closedai-tfstates-bucket2",
            "expected_bucket_owner": "",
            "id": "xcoin-closedai-tfstates-bucket2",
            "rule": [
              {
                "apply_server_side_encryption_by_default": [
                  {
                    "kms_master_key_id": "",
                    "sse_algorithm": "AES256"
                  }
                ],
                "bucket_key_enabled": false
              }
            ]
          },
          "sensitive_attributes": [],
          "private": "bnVsbA==",
          "dependencies": [
            "module.s3-tfstate.aws_s3_bucket.tfstate_bucket"
          ]
        }
      ]
    },
    {
      "module": "module.s3-tfstate",
      "mode": "managed",
      "type": "aws_s3_bucket_versioning",
      "name": "tfstate_version",
      "provider": "provider[\"registry.terraform.io/hashicorp/aws\"]",
      "instances": [
        {
          "schema_version": 0,
          "attributes": {
            "bucket": "xcoin-closedai-tfstates-bucket2",
            "expected_bucket_owner": "",
            "id": "xcoin-closedai-tfstates-bucket2",
            "mfa": null,
            "versioning_configuration": [
              {
                "mfa_delete": "",
                "status": "Enabled"
              }
            ]
          },
          "sensitive_attributes": [],
          "private": "bnVsbA==",
          "dependencies": [
            "module.s3-tfstate.aws_s3_bucket.tfstate_bucket"
          ]
        }
      ]
    },
    {
      "module": "module.sqs",
      "mode": "managed",
      "type": "aws_sqs_queue",
      "name": "sqs_queue",
      "provider": "provider[\"registry.terraform.io/hashicorp/aws\"]",
      "instances": [
        {
          "schema_version": 0,
          "attributes": {
            "arn": "arn:aws:sqs:us-east-1:268120344536:crypto_sqs.fifo",
            "content_based_deduplication": true,
            "deduplication_scope": "queue",
            "delay_seconds": 10,
            "fifo_queue": true,
            "fifo_throughput_limit": "perQueue",
            "id": "https://sqs.us-east-1.amazonaws.com/268120344536/crypto_sqs.fifo",
            "kms_data_key_reuse_period_seconds": 300,
            "kms_master_key_id": "",
            "max_message_size": 2048,
            "message_retention_seconds": 86400,
            "name": "crypto_sqs.fifo",
            "name_prefix": "",
            "policy": "",
            "receive_wait_time_seconds": 2,
            "redrive_allow_policy": "",
            "redrive_policy": "",
            "sqs_managed_sse_enabled": true,
            "tags": {},
            "tags_all": {
              "IAC": "Terraform",
              "IAC_Version": "v1.8.2",
              "cloud": "AWS",
              "devops": "Gonzalo Santiago Da Costa",
              "env": "Producción",
              "info_app": "cryptoCoin",
              "owner": "ClosedAI",
              "region": "us-east-1"
            },
            "url": "https://sqs.us-east-1.amazonaws.com/268120344536/crypto_sqs.fifo",
            "visibility_timeout_seconds": 30
          },
          "sensitive_attributes": [],
          "private": "bnVsbA=="
        }
      ]
    }
  ],
  "check_results": null
}
